cloud.google.com/go v0.34.0 h1:eOI3/cP2VTU6uZLDYAoic+eyzzB9YyGmJ7eIjl8rOPg=
cloud.google.com/go v0.34.0/go.mod h1:aQUYkXzVsufM+DwF1aE+0xfcU+56JwCaLick0ClmMTw=
github.com/golang/protobuf v1.2.0/go.mod h1:6lQm79b+lXiMfvg/cZm0SGofjICqVBUtrP5yJMmIC1U=
github.com/sabhiram/go-git-ignore v0.0.0-20160116020857-228fcfa2a06e h1:8uJpomEYzFUiUIOPAH2mTzEed3ZtrZ83BDNMX64j17g=
github.com/sabhiram/go-git-ignore v0.0.0-20160116020857-228fcfa2a06e/go.mod h1:yRB/JGk9Vry1PNE04BUqcjQqikIMweumaxXvuNHiSTE=
github.com/soniakeys/graph v0.0.0-20160409104831-c265d9676750 h1:xyxiBxj6kEh3G0MCE0FrqImPoAEnhLtH/i8YkALrtdw=
github.com/soniakeys/graph v0.0.0-20160409104831-c265d9676750/go.mod h1:J3SJVDwi4oshS4Dpd6YXwT0R2zqZWEila+0ZUT6Wol4=
golang.org/x/net v0.0.0-20160412225635-fb93926129b8/go.mod h1:mL1N/T3taQHkDXs73rZJwtUhF3w3ftmwwsq0BUmARs4=
golang.org/x/net v0.0.0-20180724234803-3673e40ba225/go.mod h1:mL1N/T3taQHkDXs73rZJwtUhF3w3ftmwwsq0BUmARs4=
golang.org/x/net v0.0.0-20190108225652-1e06a53dbb7e h1:bRhVy7zSSasaqNksaRZiA5EEI+Ei4I1nO5Jh72wfHlg=
golang.org/x/net v0.0.0-20190108225652-1e06a53dbb7e/go.mod h1:mL1N/T3taQHkDXs73rZJwtUhF3w3ftmwwsq0BUmARs4=
golang.org/x/oauth2 v0.0.0-20200107190931-bf48bf16ab8d h1:TzXSXBo42m9gQenoE3b9BGiEpg5IG2JkU5FkPIawgtw=
golang.org/x/oauth2 v0.0.0-20200107190931-bf48bf16ab8d/go.mod h1:gOpvHmFTYa4IltrdGE7lF6nIHvwfUNPOp7c8zoXwtLw=
golang.org/x/sync v0.0.0-20181221193216-37e7f081c4d4/go.mod h1:RxMgew5VJxzue5/jJTE5uejpjVlOe/izrB70Jof72aM=
golang.org/x/text v0.3.0/go.mod h1:NqM8EUOU14njkJ3fqMW+pc6Ldnwhi/IjpwHt7yyuwOQ=
google.golang.org/api v0.0.0-20160408071126-9737cc9e103c h1:DdftWC0YqW5RtgxdG7cJLNFpDI5NxX8DrZ3VL+2C4Ss=
google.golang.org/api v0.0.0-20160408071126-9737cc9e103c/go.mod h1:4mhQ8q/RsB7i+udVvVy5NUi08OU8ZlA0gRVgrF7VFY0=
google.golang.org/appengine v1.4.0/go.mod h1:xpcJRLb0r/rnEns0DIKYYv+WjYCduHsrkT7/EB5XEv4=
